
Microsoft Visual Studio Solution File, Format Version 12.00
# Visual Studio Version 16
VisualStudioVersion = 16.0.30204.135
MinimumVisualStudioVersion = 10.0.40219.1
Project("{FAE04EC0-301F-11D3-BF4B-00C04F79EFBC}") = "GroupTest", "GroupTest\GroupTest.csproj", "{42B241BD-2D79-4F04-9A7F-BC24C96EA899}"
EndProject
Global
	GlobalSection(SolutionConfigurationPlatforms) = preSolution
		Debug|Any CPU = Debug|Any CPU
		Release|Any CPU = Release|Any CPU
	EndGlobalSection
	GlobalSection(ProjectConfigurationPlatforms) = postSolution
		{42B241BD-2D79-4F04-9A7F-BC24C96EA899}.Debug|Any CPU.ActiveCfg = Debug|Any CPU
		{42B241BD-2D79-4F04-9A7F-BC24C96EA899}.Debug|Any CPU.Build.0 = Debug|Any CPU
		{42B241BD-2D79-4F04-9A7F-BC24C96EA899}.Release|Any CPU.ActiveCfg = Release|Any CPU
		{42B241BD-2D79-4F04-9A7F-BC24C96EA899}.Release|Any CPU.Build.0 = Release|Any CPU
	EndGlobalSection
	GlobalSection(SolutionProperties) = preSolution
		HideSolutionNode = FALSE
	EndGlobalSection
	GlobalSection(ExtensibilityGlobals) = postSolution
		SolutionGuid = {09BA1F0B-91CB-4288-8C88-385354AD3721}
	EndGlobalSection
EndGlobal
